
Microsoft Visual Studio Solution File, Format Version 12.00
# Visual Studio 14
VisualStudioVersion = 14.0.24720.0
MinimumVisualStudioVersion = 10.0.40219.1
Project("{FAE04EC0-301F-11D3-BF4B-00C04F79EFBC}") = "01. PhoneBook", "07. DictionaryAndLambdaExercises\01. PhoneBook.csproj", "{647EA777-8436-4C3D-A82A-EFCEBA8BF6FE}"
EndProject
Project("{FAE04EC0-301F-11D3-BF4B-00C04F79EFBC}") = "02.PhoneBookUpdate", "02.PhoneBookUpdate\02.PhoneBookUpdate.csproj", "{6FAAE151-50CB-4768-B281-FBD2160573B4}"
EndProject
Project("{FAE04EC0-301F-11D3-BF4B-00C04F79EFBC}") = "03.AMinerTask", "03.AMinerTask\03.AMinerTask.csproj", "{8DD99319-5635-49F4-903C-953A110EC89B}"
EndProject
Project("{FAE04EC0-301F-11D3-BF4B-00C04F79EFBC}") = "04.FixEmails", "04.FixEmails\04.FixEmails.csproj", "{6503B75F-0C5C-4000-A1E8-5163453A7E4C}"
EndProject
Project("{FAE04EC0-301F-11D3-BF4B-00C04F79EFBC}") = "05.HandsOfCards", "05.HandsOfCards\05.HandsOfCards.csproj", "{E2F45FD2-C8D0-4B16-837D-C25AE2714560}"
EndProject
Project("{FAE04EC0-301F-11D3-BF4B-00C04F79EFBC}") = "06.UserLogs", "06.UserLogs\06.UserLogs.csproj", "{38C2839A-A308-4347-9CF3-F6CF3650F324}"
EndProject
Global
	GlobalSection(SolutionConfigurationPlatforms) = preSolution
		Debug|Any CPU = Debug|Any CPU
		Release|Any CPU = Release|Any CPU
	EndGlobalSection
	GlobalSection(ProjectConfigurationPlatforms) = postSolution
		{647EA777-8436-4C3D-A82A-EFCEBA8BF6FE}.Debug|Any CPU.ActiveCfg = Debug|Any CPU
		{647EA777-8436-4C3D-A82A-EFCEBA8BF6FE}.Debug|Any CPU.Build.0 = Debug|Any CPU
		{647EA777-8436-4C3D-A82A-EFCEBA8BF6FE}.Release|Any CPU.ActiveCfg = Release|Any CPU
		{647EA777-8436-4C3D-A82A-EFCEBA8BF6FE}.Release|Any CPU.Build.0 = Release|Any CPU
		{6FAAE151-50CB-4768-B281-FBD2160573B4}.Debug|Any CPU.ActiveCfg = Debug|Any CPU
		{6FAAE151-50CB-4768-B281-FBD2160573B4}.Debug|Any CPU.Build.0 = Debug|Any CPU
		{6FAAE151-50CB-4768-B281-FBD2160573B4}.Release|Any CPU.ActiveCfg = Release|Any CPU
		{6FAAE151-50CB-4768-B281-FBD2160573B4}.Release|Any CPU.Build.0 = Release|Any CPU
		{8DD99319-5635-49F4-903C-953A110EC89B}.Debug|Any CPU.ActiveCfg = Debug|Any CPU
		{8DD99319-5635-49F4-903C-953A110EC89B}.Debug|Any CPU.Build.0 = Debug|Any CPU
		{8DD99319-5635-49F4-903C-953A110EC89B}.Release|Any CPU.ActiveCfg = Release|Any CPU
		{8DD99319-5635-49F4-903C-953A110EC89B}.Release|Any CPU.Build.0 = Release|Any CPU
		{6503B75F-0C5C-4000-A1E8-5163453A7E4C}.Debug|Any CPU.ActiveCfg = Debug|Any CPU
		{6503B75F-0C5C-4000-A1E8-5163453A7E4C}.Debug|Any CPU.Build.0 = Debug|Any CPU
		{6503B75F-0C5C-4000-A1E8-5163453A7E4C}.Release|Any CPU.ActiveCfg = Release|Any CPU
		{6503B75F-0C5C-4000-A1E8-5163453A7E4C}.Release|Any CPU.Build.0 = Release|Any CPU
		{E2F45FD2-C8D0-4B16-837D-C25AE2714560}.Debug|Any CPU.ActiveCfg = Debug|Any CPU
		{E2F45FD2-C8D0-4B16-837D-C25AE2714560}.Debug|Any CPU.Build.0 = Debug|Any CPU
		{E2F45FD2-C8D0-4B16-837D-C25AE2714560}.Release|Any CPU.ActiveCfg = Release|Any CPU
		{E2F45FD2-C8D0-4B16-837D-C25AE2714560}.Release|Any CPU.Build.0 = Release|Any CPU
		{38C2839A-A308-4347-9CF3-F6CF3650F324}.Debug|Any CPU.ActiveCfg = Debug|Any CPU
		{38C2839A-A308-4347-9CF3-F6CF3650F324}.Debug|Any CPU.Build.0 = Debug|Any CPU
		{38C2839A-A308-4347-9CF3-F6CF3650F324}.Release|Any CPU.ActiveCfg = Release|Any CPU
		{38C2839A-A308-4347-9CF3-F6CF3650F324}.Release|Any CPU.Build.0 = Release|Any CPU
	EndGlobalSection
	GlobalSection(SolutionProperties) = preSolution
		HideSolutionNode = FALSE
	EndGlobalSection
EndGlobal
